<?xml version="1.0" encoding="utf-8"?>
<Project ToolsVersion="4.0" xmlns="http://schemas.microsoft.com/developer/msbuild/2003">
  <ItemGroup>
    <Filter Include="Source Files">
      <UniqueIdentifier>{4FC737F1-C7A5-4376-A066-2A32D752A2FF}</UniqueIdentifier>
      <Extensions>cpp;c;cc;cxx;def;odl;idl;hpj;bat;asm;asmx</Extensions>
    </Filter>
    <Filter Include="Header Files">
      <UniqueIdentifier>{93995380-89BD-4b04-88EB-625FBE52EBFB}</UniqueIdentifier>
      <Extensions>h;hh;hpp;hxx;hm;inl;inc;xsd</Extensions>
    </Filter>
    <Filter Include="Resource Files">
      <UniqueIdentifier>{67DA6AB6-F800-4c08-8B7A-83BB121AAD01}</UniqueIdentifier>
      <Extensions>rc;ico;cur;bmp;dlg;rc2;rct;bin;rgs;gif;jpg;jpeg;jpe;resx;tiff;tif;png;wav;mfcribbon-ms</Extensions>
    </Filter>
    <Filter Include="ViewModels">
      <UniqueIdentifier>{7349d4d9-1fdd-422e-af7f-513f4158251c}</UniqueIdentifier>
    </Filter>
    <Filter Include="ViewModels\Headers">
      <UniqueIdentifier>{07543435-b752-4fda-a558-0d0591fae12b}</UniqueIdentifier>
    </Filter>
    <Filter Include="ViewModels\Sources">
      <UniqueIdentifier>{2ab0ed77-ba76-49d5-bbb7-9ccb6ac2b99c}</UniqueIdentifier>
    </Filter>
    <Filter Include="Resources">
      <UniqueIdentifier>{55a1aa0e-44d0-4b8e-8e61-5a299b981bf2}</UniqueIdentifier>
    </Filter>
    <Filter Include="Views">
      <UniqueIdentifier>{ef8ad129-4128-4a5b-8556-aee5466ed028}</UniqueIdentifier>
    </Filter>
    <Filter Include="Views\Headers">
      <UniqueIdentifier>{e69cfdef-2bfc-469d-8ed3-583913ed7641}</UniqueIdentifier>
    </Filter>
    <Filter Include="Views\Sources">
      <UniqueIdentifier>{555426fe-a077-411e-9bb1-51ef1ee296a1}</UniqueIdentifier>
    </Filter>
  </ItemGroup>
  <ItemGroup>
    <ClCompile Include="CViewModel.cpp">
      <Filter>ViewModels\Sources</Filter>
    </ClCompile>
    <ClCompile Include="CBaseWindowViewModel.cpp">
      <Filter>ViewModels\Sources</Filter>
    </ClCompile>
    <ClCompile Include="CBaseWindow.cpp">
      <Filter>Views\Sources</Filter>
    </ClCompile>
    <ClCompile Include="CCompareApp.cpp">
      <Filter>Source Files</Filter>
    </ClCompile>
    <ClCompile Include="_Startup.cpp">
      <Filter>Source Files</Filter>
    </ClCompile>
  </ItemGroup>
  <ItemGroup>
    <ClInclude Include="CViewModel.h">
      <Filter>ViewModels\Headers</Filter>
    </ClInclude>
    <ClInclude Include="CBaseWindowViewModel.h">
      <Filter>ViewModels\Headers</Filter>
    </ClInclude>
    <ClInclude Include="CResource.h">
      <Filter>ViewModels\Headers</Filter>
    </ClInclude>
    <ClInclude Include="CBaseWindow.h">
      <Filter>Views\Headers</Filter>
    </ClInclude>
    <ClInclude Include="CCompareApp.h">
      <Filter>Header Files</Filter>
    </ClInclude>
  </ItemGroup>
</Project>